
Microsoft Visual Studio Solution File, Format Version 12.00
# Visual Studio Version 17
VisualStudioVersion = 17.5.33530.505
MinimumVisualStudioVersion = 10.0.40219.1
Project("{FAE04EC0-301F-11D3-BF4B-00C04F79EFBC}") = "c# ADO project", "c# ADO project\c# ADO project.csproj", "{62AA36C9-1FE4-4A3B-B616-B9B9EC24F052}"
EndProject
Global
	GlobalSection(SolutionConfigurationPlatforms) = preSolution
		Debug|Any CPU = Debug|Any CPU
		Release|Any CPU = Release|Any CPU
	EndGlobalSection
	GlobalSection(ProjectConfigurationPlatforms) = postSolution
		{62AA36C9-1FE4-4A3B-B616-B9B9EC24F052}.Debug|Any CPU.ActiveCfg = Debug|Any CPU
		{62AA36C9-1FE4-4A3B-B616-B9B9EC24F052}.Debug|Any CPU.Build.0 = Debug|Any CPU
		{62AA36C9-1FE4-4A3B-B616-B9B9EC24F052}.Release|Any CPU.ActiveCfg = Release|Any CPU
		{62AA36C9-1FE4-4A3B-B616-B9B9EC24F052}.Release|Any CPU.Build.0 = Release|Any CPU
	EndGlobalSection
	GlobalSection(SolutionProperties) = preSolution
		HideSolutionNode = FALSE
	EndGlobalSection
	GlobalSection(ExtensibilityGlobals) = postSolution
		SolutionGuid = {E42F527D-6832-444A-A59C-CFE82E1BC537}
	EndGlobalSection
EndGlobal
